// !$*UTF8*$!
{
	archiveVersion = 1;
	classes = {
	};
	objectVersion = 46;
	objects = {

/* Begin PBXBuildFile section */
		1768C0551DA2DD57004B9988 /* AppDelegate.swift in Sources */ = {isa = PBXBuildFile; fileRef = 1768C0541DA2DD57004B9988 /* AppDelegate.swift */; };
		1768C05C1DA2DD57004B9988 /* Assets.xcassets in Resources */ = {isa = PBXBuildFile; fileRef = 1768C05B1DA2DD57004B9988 /* Assets.xcassets */; };
		1768C05F1DA2DD57004B9988 /* LaunchScreen.storyboard in Resources */ = {isa = PBXBuildFile; fileRef = 1768C05D1DA2DD57004B9988 /* LaunchScreen.storyboard */; };
		1768C06A1DA2DD57004B9988 /* KonradZdunczyk_elpassionUITests.swift in Sources */ = {isa = PBXBuildFile; fileRef = 1768C0691DA2DD57004B9988 /* KonradZdunczyk_elpassionUITests.swift */; };
		1768C0751DA2DE46004B9988 /* SearchViewController.swift in Sources */ = {isa = PBXBuildFile; fileRef = 1768C0741DA2DE46004B9988 /* SearchViewController.swift */; };
		1768C0781DA2DE78004B9988 /* Search.storyboard in Resources */ = {isa = PBXBuildFile; fileRef = 1768C0771DA2DE78004B9988 /* Search.storyboard */; };
		1768C07D1DA2E161004B9988 /* UserRepoCell.swift in Sources */ = {isa = PBXBuildFile; fileRef = 1768C07C1DA2E161004B9988 /* UserRepoCell.swift */; };
		1768C07F1DA2E1A2004B9988 /* CellViewModelProtocol.swift in Sources */ = {isa = PBXBuildFile; fileRef = 1768C07E1DA2E1A2004B9988 /* CellViewModelProtocol.swift */; };
		1768C0821DA2E267004B9988 /* GitHubRouter.swift in Sources */ = {isa = PBXBuildFile; fileRef = 1768C0811DA2E267004B9988 /* GitHubRouter.swift */; };
		1768C0851DA2E295004B9988 /* User.swift in Sources */ = {isa = PBXBuildFile; fileRef = 1768C0841DA2E295004B9988 /* User.swift */; };
		1768C0871DA2E2B6004B9988 /* Repository.swift in Sources */ = {isa = PBXBuildFile; fileRef = 1768C0861DA2E2B6004B9988 /* Repository.swift */; };
		1768C0891DA2E4B1004B9988 /* ApiHelper.swift in Sources */ = {isa = PBXBuildFile; fileRef = 1768C0881DA2E4B1004B9988 /* ApiHelper.swift */; };
		1768C08B1DA2E4F0004B9988 /* SearchResult.swift in Sources */ = {isa = PBXBuildFile; fileRef = 1768C08A1DA2E4F0004B9988 /* SearchResult.swift */; };
		1768C08D1DA2E5BB004B9988 /* SearchViewModel.swift in Sources */ = {isa = PBXBuildFile; fileRef = 1768C08C1DA2E5BB004B9988 /* SearchViewModel.swift */; };
		1768C08F1DA2E669004B9988 /* RepoCellViewModel.swift in Sources */ = {isa = PBXBuildFile; fileRef = 1768C08E1DA2E669004B9988 /* RepoCellViewModel.swift */; };
		1768C0911DA2E68C004B9988 /* UserCellViewModel.swift in Sources */ = {isa = PBXBuildFile; fileRef = 1768C0901DA2E68C004B9988 /* UserCellViewModel.swift */; };
		446C543C2FDFB493FE98225E /* Pods_KonradZdunczyk_elpassion.framework in Frameworks */ = {isa = PBXBuildFile; fileRef = 4709B33DF8A179F9973249AE /* Pods_KonradZdunczyk_elpassion.framework */; };
/* End PBXBuildFile section */

/* Begin PBXContainerItemProxy section */
		1768C0661DA2DD57004B9988 /* PBXContainerItemProxy */ = {
			isa = PBXContainerItemProxy;
			containerPortal = 1768C0491DA2DD57004B9988 /* Project object */;
			proxyType = 1;
			remoteGlobalIDString = 1768C0501DA2DD57004B9988;
			remoteInfo = KonradZdunczyk_elpassion;
		};
/* End PBXContainerItemProxy section */

/* Begin PBXFileReference section */
		1768C0511DA2DD57004B9988 /* KonradZdunczyk_elpassion.app */ = {isa = PBXFileReference; explicitFileType = wrapper.application; includeInIndex = 0; path = KonradZdunczyk_elpassion.app; sourceTree = BUILT_PRODUCTS_DIR; };
		1768C0541DA2DD57004B9988 /* AppDelegate.swift */ = {isa = PBXFileReference; lastKnownFileType = sourcecode.swift; path = AppDelegate.swift; sourceTree = "<group>"; };
		1768C05B1DA2DD57004B9988 /* Assets.xcassets */ = {isa = PBXFileReference; lastKnownFileType = folder.assetcatalog; path = Assets.xcassets; sourceTree = "<group>"; };
		1768C05E1DA2DD57004B9988 /* Base */ = {isa = PBXFileReference; lastKnownFileType = file.storyboard; name = Base; path = Base.lproj/LaunchScreen.storyboard; sourceTree = "<group>"; };
		1768C0601DA2DD57004B9988 /* Info.plist */ = {isa = PBXFileReference; lastKnownFileType = text.plist.xml; path = Info.plist; sourceTree = "<group>"; };
		1768C0651DA2DD57004B9988 /* KonradZdunczyk_elpassionUITests.xctest */ = {isa = PBXFileReference; explicitFileType = wrapper.cfbundle; includeInIndex = 0; path = KonradZdunczyk_elpassionUITests.xctest; sourceTree = BUILT_PRODUCTS_DIR; };
		1768C0691DA2DD57004B9988 /* KonradZdunczyk_elpassionUITests.swift */ = {isa = PBXFileReference; lastKnownFileType = sourcecode.swift; path = KonradZdunczyk_elpassionUITests.swift; sourceTree = "<group>"; };
		1768C06B1DA2DD57004B9988 /* Info.plist */ = {isa = PBXFileReference; lastKnownFileType = text.plist.xml; path = Info.plist; sourceTree = "<group>"; };
		1768C0741DA2DE46004B9988 /* SearchViewController.swift */ = {isa = PBXFileReference; fileEncoding = 4; lastKnownFileType = sourcecode.swift; path = SearchViewController.swift; sourceTree = "<group>"; };
		1768C0771DA2DE78004B9988 /* Search.storyboard */ = {isa = PBXFileReference; fileEncoding = 4; lastKnownFileType = file.storyboard; path = Search.storyboard; sourceTree = "<group>"; };
		1768C07C1DA2E161004B9988 /* UserRepoCell.swift */ = {isa = PBXFileReference; fileEncoding = 4; lastKnownFileType = sourcecode.swift; path = UserRepoCell.swift; sourceTree = "<group>"; };
		1768C07E1DA2E1A2004B9988 /* CellViewModelProtocol.swift */ = {isa = PBXFileReference; fileEncoding = 4; lastKnownFileType = sourcecode.swift; path = CellViewModelProtocol.swift; sourceTree = "<group>"; };
		1768C0811DA2E267004B9988 /* GitHubRouter.swift */ = {isa = PBXFileReference; fileEncoding = 4; lastKnownFileType = sourcecode.swift; path = GitHubRouter.swift; sourceTree = "<group>"; };
		1768C0841DA2E295004B9988 /* User.swift */ = {isa = PBXFileReference; fileEncoding = 4; lastKnownFileType = sourcecode.swift; path = User.swift; sourceTree = "<group>"; };
		1768C0861DA2E2B6004B9988 /* Repository.swift */ = {isa = PBXFileReference; fileEncoding = 4; lastKnownFileType = sourcecode.swift; path = Repository.swift; sourceTree = "<group>"; };
		1768C0881DA2E4B1004B9988 /* ApiHelper.swift */ = {isa = PBXFileReference; fileEncoding = 4; lastKnownFileType = sourcecode.swift; path = ApiHelper.swift; sourceTree = "<group>"; };
		1768C08A1DA2E4F0004B9988 /* SearchResult.swift */ = {isa = PBXFileReference; fileEncoding = 4; lastKnownFileType = sourcecode.swift; path = SearchResult.swift; sourceTree = "<group>"; };
		1768C08C1DA2E5BB004B9988 /* SearchViewModel.swift */ = {isa = PBXFileReference; fileEncoding = 4; lastKnownFileType = sourcecode.swift; path = SearchViewModel.swift; sourceTree = "<group>"; };
		1768C08E1DA2E669004B9988 /* RepoCellViewModel.swift */ = {isa = PBXFileReference; fileEncoding = 4; lastKnownFileType = sourcecode.swift; path = RepoCellViewModel.swift; sourceTree = "<group>"; };
		1768C0901DA2E68C004B9988 /* UserCellViewModel.swift */ = {isa = PBXFileReference; fileEncoding = 4; lastKnownFileType = sourcecode.swift; path = UserCellViewModel.swift; sourceTree = "<group>"; };
		4709B33DF8A179F9973249AE /* Pods_KonradZdunczyk_elpassion.framework */ = {isa = PBXFileReference; explicitFileType = wrapper.framework; includeInIndex = 0; path = Pods_KonradZdunczyk_elpassion.framework; sourceTree = BUILT_PRODUCTS_DIR; };
		B80454E53F14FD0D8C6CBF55 /* Pods-KonradZdunczyk_elpassion.release.xcconfig */ = {isa = PBXFileReference; includeInIndex = 1; lastKnownFileType = text.xcconfig; name = "Pods-KonradZdunczyk_elpassion.release.xcconfig"; path = "Pods/Target Support Files/Pods-KonradZdunczyk_elpassion/Pods-KonradZdunczyk_elpassion.release.xcconfig"; sourceTree = "<group>"; };
		DB22B2F5ECC2C32A1E75DC53 /* Pods-KonradZdunczyk_elpassion.debug.xcconfig */ = {isa = PBXFileReference; includeInIndex = 1; lastKnownFileType = text.xcconfig; name = "Pods-KonradZdunczyk_elpassion.debug.xcconfig"; path = "Pods/Target Support Files/Pods-KonradZdunczyk_elpassion/Pods-KonradZdunczyk_elpassion.debug.xcconfig"; sourceTree = "<group>"; };
/* End PBXFileReference section */

/* Begin PBXFrameworksBuildPhase section */
		1768C04E1DA2DD57004B9988 /* Frameworks */ = {
			isa = PBXFrameworksBuildPhase;
			buildActionMask = 2147483647;
			files = (
				446C543C2FDFB493FE98225E /* Pods_KonradZdunczyk_elpassion.framework in Frameworks */,
			);
			runOnlyForDeploymentPostprocessing = 0;
		};
		1768C0621DA2DD57004B9988 /* Frameworks */ = {
			isa = PBXFrameworksBuildPhase;
			buildActionMask = 2147483647;
			files = (
			);
			runOnlyForDeploymentPostprocessing = 0;
		};
/* End PBXFrameworksBuildPhase section */

/* Begin PBXGroup section */
		1768C0481DA2DD57004B9988 = {
			isa = PBXGroup;
			children = (
				1768C0531DA2DD57004B9988 /* KonradZdunczyk_elpassion */,
				1768C0681DA2DD57004B9988 /* KonradZdunczyk_elpassionUITests */,
				1768C0521DA2DD57004B9988 /* Products */,
				3E1C076F3DBEB1936C10833E /* Pods */,
				78A6426312546AC8361F50FD /* Frameworks */,
			);
			sourceTree = "<group>";
		};
		1768C0521DA2DD57004B9988 /* Products */ = {
			isa = PBXGroup;
			children = (
				1768C0511DA2DD57004B9988 /* KonradZdunczyk_elpassion.app */,
				1768C0651DA2DD57004B9988 /* KonradZdunczyk_elpassionUITests.xctest */,
			);
			name = Products;
			sourceTree = "<group>";
		};
		1768C0531DA2DD57004B9988 /* KonradZdunczyk_elpassion */ = {
			isa = PBXGroup;
			children = (
				1768C0801DA2E24E004B9988 /* Api */,
				1768C0831DA2E285004B9988 /* Models */,
				1768C07A1DA2DF69004B9988 /* Application */,
				1768C07B1DA2DF80004B9988 /* Resources */,
			);
			path = KonradZdunczyk_elpassion;
			sourceTree = "<group>";
		};
		1768C0681DA2DD57004B9988 /* KonradZdunczyk_elpassionUITests */ = {
			isa = PBXGroup;
			children = (
				1768C0691DA2DD57004B9988 /* KonradZdunczyk_elpassionUITests.swift */,
				1768C06B1DA2DD57004B9988 /* Info.plist */,
			);
			path = KonradZdunczyk_elpassionUITests;
			sourceTree = "<group>";
		};
		1768C0761DA2DE58004B9988 /* Search */ = {
			isa = PBXGroup;
			children = (
				1768C0741DA2DE46004B9988 /* SearchViewController.swift */,
				1768C0771DA2DE78004B9988 /* Search.storyboard */,
				1768C07C1DA2E161004B9988 /* UserRepoCell.swift */,
				1768C0921DA2E742004B9988 /* ViewModels */,
			);
			name = Search;
			sourceTree = "<group>";
		};
		1768C07A1DA2DF69004B9988 /* Application */ = {
			isa = PBXGroup;
			children = (
				1768C0541DA2DD57004B9988 /* AppDelegate.swift */,
				1768C0761DA2DE58004B9988 /* Search */,
			);
			name = Application;
			sourceTree = "<group>";
		};
		1768C07B1DA2DF80004B9988 /* Resources */ = {
			isa = PBXGroup;
			children = (
				1768C05B1DA2DD57004B9988 /* Assets.xcassets */,
				1768C05D1DA2DD57004B9988 /* LaunchScreen.storyboard */,
				1768C0601DA2DD57004B9988 /* Info.plist */,
			);
			name = Resources;
			sourceTree = "<group>";
		};
		1768C0801DA2E24E004B9988 /* Api */ = {
			isa = PBXGroup;
			children = (
				1768C0811DA2E267004B9988 /* GitHubRouter.swift */,
				1768C0881DA2E4B1004B9988 /* ApiHelper.swift */,
			);
			name = Api;
			sourceTree = "<group>";
		};
		1768C0831DA2E285004B9988 /* Models */ = {
			isa = PBXGroup;
			children = (
				1768C0841DA2E295004B9988 /* User.swift */,
				1768C0861DA2E2B6004B9988 /* Repository.swift */,
				1768C08A1DA2E4F0004B9988 /* SearchResult.swift */,
			);
			name = Models;
			sourceTree = "<group>";
		};
		1768C0921DA2E742004B9988 /* ViewModels */ = {
			isa = PBXGroup;
			children = (
				1768C07E1DA2E1A2004B9988 /* CellViewModelProtocol.swift */,
				1768C08C1DA2E5BB004B9988 /* SearchViewModel.swift */,
				1768C08E1DA2E669004B9988 /* RepoCellViewModel.swift */,
				1768C0901DA2E68C004B9988 /* UserCellViewModel.swift */,
			);
			name = ViewModels;
			sourceTree = "<group>";
		};
		3E1C076F3DBEB1936C10833E /* Pods */ = {
			isa = PBXGroup;
			children = (
				DB22B2F5ECC2C32A1E75DC53 /* Pods-KonradZdunczyk_elpassion.debug.xcconfig */,
				B80454E53F14FD0D8C6CBF55 /* Pods-KonradZdunczyk_elpassion.release.xcconfig */,
			);
			name = Pods;
			sourceTree = "<group>";
		};
		78A6426312546AC8361F50FD /* Frameworks */ = {
			isa = PBXGroup;
			children = (
				4709B33DF8A179F9973249AE /* Pods_KonradZdunczyk_elpassion.framework */,
			);
			name = Frameworks;
			sourceTree = "<group>";
		};
/* End PBXGroup section */

/* Begin PBXNativeTarget section */
		1768C0501DA2DD57004B9988 /* KonradZdunczyk_elpassion */ = {
			isa = PBXNativeTarget;
			buildConfigurationList = 1768C06E1DA2DD57004B9988 /* Build configuration list for PBXNativeTarget "KonradZdunczyk_elpassion" */;
			buildPhases = (
				10E2B9A4BAFECC9E6938F728 /* [CP] Check Pods Manifest.lock */,
				1768C04D1DA2DD57004B9988 /* Sources */,
				1768C04E1DA2DD57004B9988 /* Frameworks */,
				1768C04F1DA2DD57004B9988 /* Resources */,
				E1263FB70E672EB980CCD12B /* [CP] Embed Pods Frameworks */,
				6588C527AD667D8C529CF2C1 /* [CP] Copy Pods Resources */,
			);
			buildRules = (
			);
			dependencies = (
			);
			name = KonradZdunczyk_elpassion;
			productName = KonradZdunczyk_elpassion;
			productReference = 1768C0511DA2DD57004B9988 /* KonradZdunczyk_elpassion.app */;
			productType = "com.apple.product-type.application";
		};
		1768C0641DA2DD57004B9988 /* KonradZdunczyk_elpassionUITests */ = {
			isa = PBXNativeTarget;
			buildConfigurationList = 1768C0711DA2DD57004B9988 /* Build configuration list for PBXNativeTarget "KonradZdunczyk_elpassionUITests" */;
			buildPhases = (
				1768C0611DA2DD57004B9988 /* Sources */,
				1768C0621DA2DD57004B9988 /* Frameworks */,
				1768C0631DA2DD57004B9988 /* Resources */,
			);
			buildRules = (
			);
			dependencies = (
				1768C0671DA2DD57004B9988 /* PBXTargetDependency */,
			);
			name = KonradZdunczyk_elpassionUITests;
			productName = KonradZdunczyk_elpassionUITests;
			productReference = 1768C0651DA2DD57004B9988 /* KonradZdunczyk_elpassionUITests.xctest */;
			productType = "com.apple.product-type.bundle.ui-testing";
		};
/* End PBXNativeTarget section */

/* Begin PBXProject section */
		1768C0491DA2DD57004B9988 /* Project object */ = {
			isa = PBXProject;
			attributes = {
				LastSwiftUpdateCheck = 0800;
				LastUpgradeCheck = 0800;
				ORGANIZATIONNAME = "Konrad Zdunczyk";
				TargetAttributes = {
					1768C0501DA2DD57004B9988 = {
						CreatedOnToolsVersion = 8.0;
						DevelopmentTeam = WM5VQQ9GA7;
						ProvisioningStyle = Automatic;
					};
					1768C0641DA2DD57004B9988 = {
						CreatedOnToolsVersion = 8.0;
						DevelopmentTeam = WM5VQQ9GA7;
						ProvisioningStyle = Automatic;
						TestTargetID = 1768C0501DA2DD57004B9988;
					};
				};
			};
			buildConfigurationList = 1768C04C1DA2DD57004B9988 /* Build configuration list for PBXProject "KonradZdunczyk_elpassion" */;
			compatibilityVersion = "Xcode 3.2";
			developmentRegion = English;
			hasScannedForEncodings = 0;
			knownRegions = (
				en,
				Base,
			);
			mainGroup = 1768C0481DA2DD57004B9988;
			productRefGroup = 1768C0521DA2DD57004B9988 /* Products */;
			projectDirPath = "";
			projectRoot = "";
			targets = (
				1768C0501DA2DD57004B9988 /* KonradZdunczyk_elpassion */,
				1768C0641DA2DD57004B9988 /* KonradZdunczyk_elpassionUITests */,
			);
		};
/* End PBXProject section */

/* Begin PBXResourcesBuildPhase section */
		1768C04F1DA2DD57004B9988 /* Resources */ = {
			isa = PBXResourcesBuildPhase;
			buildActionMask = 2147483647;
			files = (
				1768C05F1DA2DD57004B9988 /* LaunchScreen.storyboard in Resources */,
				1768C0781DA2DE78004B9988 /* Search.storyboard in Resources */,
				1768C05C1DA2DD57004B9988 /* Assets.xcassets in Resources */,
			);
			runOnlyForDeploymentPostprocessing = 0;
		};
		1768C0631DA2DD57004B9988 /* Resources */ = {
			isa = PBXResourcesBuildPhase;
			buildActionMask = 2147483647;
			files = (
			);
			runOnlyForDeploymentPostprocessing = 0;
		};
/* End PBXResourcesBuildPhase section */

/* Begin PBXShellScriptBuildPhase section */
		10E2B9A4BAFECC9E6938F728 /* [CP] Check Pods Manifest.lock */ = {
			isa = PBXShellScriptBuildPhase;
			buildActionMask = 2147483647;
			files = (
			);
			inputPaths = (
			);
			name = "[CP] Check Pods Manifest.lock";
			outputPaths = (
			);
			runOnlyForDeploymentPostprocessing = 0;
			shellPath = /bin/sh;
			shellScript = "diff \"${PODS_ROOT}/../Podfile.lock\" \"${PODS_ROOT}/Manifest.lock\" > /dev/null\nif [[ $? != 0 ]] ; then\n    cat << EOM\nerror: The sandbox is not in sync with the Podfile.lock. Run 'pod install' or update your CocoaPods installation.\nEOM\n    exit 1\nfi\n";
			showEnvVarsInLog = 0;
		};
		6588C527AD667D8C529CF2C1 /* [CP] Copy Pods Resources */ = {
			isa = PBXShellScriptBuildPhase;
			buildActionMask = 2147483647;
			files = (
			);
			inputPaths = (
			);
			name = "[CP] Copy Pods Resources";
			outputPaths = (
			);
			runOnlyForDeploymentPostprocessing = 0;
			shellPath = /bin/sh;
			shellScript = "\"${SRCROOT}/Pods/Target Support Files/Pods-KonradZdunczyk_elpassion/Pods-KonradZdunczyk_elpassion-resources.sh\"\n";
			showEnvVarsInLog = 0;
		};
		E1263FB70E672EB980CCD12B /* [CP] Embed Pods Frameworks */ = {
			isa = PBXShellScriptBuildPhase;
			buildActionMask = 2147483647;
			files = (
			);
			inputPaths = (
			);
			name = "[CP] Embed Pods Frameworks";
			outputPaths = (
			);
			runOnlyForDeploymentPostprocessing = 0;
			shellPath = /bin/sh;
			shellScript = "\"${SRCROOT}/Pods/Target Support Files/Pods-KonradZdunczyk_elpassion/Pods-KonradZdunczyk_elpassion-frameworks.sh\"\n";
			showEnvVarsInLog = 0;
		};
/* End PBXShellScriptBuildPhase section */

/* Begin PBXSourcesBuildPhase section */
		1768C04D1DA2DD57004B9988 /* Sources */ = {
			isa = PBXSourcesBuildPhase;
			buildActionMask = 2147483647;
			files = (
				1768C08D1DA2E5BB004B9988 /* SearchViewModel.swift in Sources */,
				1768C0871DA2E2B6004B9988 /* Repository.swift in Sources */,
				1768C08B1DA2E4F0004B9988 /* SearchResult.swift in Sources */,
				1768C07F1DA2E1A2004B9988 /* CellViewModelProtocol.swift in Sources */,
				1768C07D1DA2E161004B9988 /* UserRepoCell.swift in Sources */,
				1768C0911DA2E68C004B9988 /* UserCellViewModel.swift in Sources */,
				1768C0851DA2E295004B9988 /* User.swift in Sources */,
				1768C0891DA2E4B1004B9988 /* ApiHelper.swift in Sources */,
				1768C08F1DA2E669004B9988 /* RepoCellViewModel.swift in Sources */,
				1768C0751DA2DE46004B9988 /* SearchViewController.swift in Sources */,
				1768C0821DA2E267004B9988 /* GitHubRouter.swift in Sources */,
				1768C0551DA2DD57004B9988 /* AppDelegate.swift in Sources */,
			);
			runOnlyForDeploymentPostprocessing = 0;
		};
		1768C0611DA2DD57004B9988 /* Sources */ = {
			isa = PBXSourcesBuildPhase;
			buildActionMask = 2147483647;
			files = (
				1768C06A1DA2DD57004B9988 /* KonradZdunczyk_elpassionUITests.swift in Sources */,
			);
			runOnlyForDeploymentPostprocessing = 0;
		};
/* End PBXSourcesBuildPhase section */

/* Begin PBXTargetDependency section */
		1768C0671DA2DD57004B9988 /* PBXTargetDependency */ = {
			isa = PBXTargetDependency;
			target = 1768C0501DA2DD57004B9988 /* KonradZdunczyk_elpassion */;
			targetProxy = 1768C0661DA2DD57004B9988 /* PBXContainerItemProxy */;
		};
/* End PBXTargetDependency section */

/* Begin PBXVariantGroup section */
		1768C05D1DA2DD57004B9988 /* LaunchScreen.storyboard */ = {
			isa = PBXVariantGroup;
			children = (
				1768C05E1DA2DD57004B9988 /* Base */,
			);
			name = LaunchScreen.storyboard;
			sourceTree = "<group>";
		};
/* End PBXVariantGroup section */

/* Begin XCBuildConfiguration section */
		1768C06C1DA2DD57004B9988 /* Debug */ = {
			isa = XCBuildConfiguration;
			buildSettings = {
				ALWAYS_SEARCH_USER_PATHS = NO;
				CLANG_ANALYZER_NONNULL = YES;
				CLANG_CXX_LANGUAGE_STANDARD = "gnu++0x";
				CLANG_CXX_LIBRARY = "libc++";
				CLANG_ENABLE_MODULES = YES;
				CLANG_ENABLE_OBJC_ARC = YES;
				CLANG_WARN_BOOL_CONVERSION = YES;
				CLANG_WARN_CONSTANT_CONVERSION = YES;
				CLANG_WARN_DIRECT_OBJC_ISA_USAGE = YES_ERROR;
				CLANG_WARN_DOCUMENTATION_COMMENTS = YES;
				CLANG_WARN_EMPTY_BODY = YES;
				CLANG_WARN_ENUM_CONVERSION = YES;
				CLANG_WARN_INFINITE_RECURSION = YES;
				CLANG_WARN_INT_CONVERSION = YES;
				CLANG_WARN_OBJC_ROOT_CLASS = YES_ERROR;
				CLANG_WARN_SUSPICIOUS_MOVES = YES;
				CLANG_WARN_UNREACHABLE_CODE = YES;
				CLANG_WARN__DUPLICATE_METHOD_MATCH = YES;
				"CODE_SIGN_IDENTITY[sdk=iphoneos*]" = "iPhone Developer";
				COPY_PHASE_STRIP = NO;
				DEBUG_INFORMATION_FORMAT = dwarf;
				ENABLE_STRICT_OBJC_MSGSEND = YES;
				ENABLE_TESTABILITY = YES;
				GCC_C_LANGUAGE_STANDARD = gnu99;
				GCC_DYNAMIC_NO_PIC = NO;
				GCC_NO_COMMON_BLOCKS = YES;
				GCC_OPTIMIZATION_LEVEL = 0;
				GCC_PREPROCESSOR_DEFINITIONS = (
					"DEBUG=1",
					"$(inherited)",
				);
				GCC_WARN_64_TO_32_BIT_CONVERSION = YES;
				GCC_WARN_ABOUT_RETURN_TYPE = YES_ERROR;
				GCC_WARN_UNDECLARED_SELECTOR = YES;
				GCC_WARN_UNINITIALIZED_AUTOS = YES_AGGRESSIVE;
				GCC_WARN_UNUSED_FUNCTION = YES;
				GCC_WARN_UNUSED_VARIABLE = YES;
				IPHONEOS_DEPLOYMENT_TARGET = 10.0;
				MTL_ENABLE_DEBUG_INFO = YES;
				ONLY_ACTIVE_ARCH = YES;
				SDKROOT = iphoneos;
				SWIFT_ACTIVE_COMPILATION_CONDITIONS = DEBUG;
				SWIFT_OPTIMIZATION_LEVEL = "-Onone";
				TARGETED_DEVICE_FAMILY = "1,2";
			};
			name = Debug;
		};
		1768C06D1DA2DD57004B9988 /* Release */ = {
			isa = XCBuildConfiguration;
			buildSettings = {
				ALWAYS_SEARCH_USER_PATHS = NO;
				CLANG_ANALYZER_NONNULL = YES;
				CLANG_CXX_LANGUAGE_STANDARD = "gnu++0x";
				CLANG_CXX_LIBRARY = "libc++";
				CLANG_ENABLE_MODULES = YES;
				CLANG_ENABLE_OBJC_ARC = YES;
				CLANG_WARN_BOOL_CONVERSION = YES;
				CLANG_WARN_CONSTANT_CONVERSION = YES;
				CLANG_WARN_DIRECT_OBJC_ISA_USAGE = YES_ERROR;
				CLANG_WARN_DOCUMENTATION_COMMENTS = YES;
				CLANG_WARN_EMPTY_BODY = YES;
				CLANG_WARN_ENUM_CONVERSION = YES;
				CLANG_WARN_INFINITE_RECURSION = YES;
				CLANG_WARN_INT_CONVERSION = YES;
				CLANG_WARN_OBJC_ROOT_CLASS = YES_ERROR;
				CLANG_WARN_SUSPICIOUS_MOVES = YES;
				CLANG_WARN_UNREACHABLE_CODE = YES;
				CLANG_WARN__DUPLICATE_METHOD_MATCH = YES;
				"CODE_SIGN_IDENTITY[sdk=iphoneos*]" = "iPhone Developer";
				COPY_PHASE_STRIP = NO;
				DEBUG_INFORMATION_FORMAT = "dwarf-with-dsym";
				ENABLE_NS_ASSERTIONS = NO;
				ENABLE_STRICT_OBJC_MSGSEND = YES;
				GCC_C_LANGUAGE_STANDARD = gnu99;
				GCC_NO_COMMON_BLOCKS = YES;
				GCC_WARN_64_TO_32_BIT_CONVERSION = YES;
				GCC_WARN_ABOUT_RETURN_TYPE = YES_ERROR;
				GCC_WARN_UNDECLARED_SELECTOR = YES;
				GCC_WARN_UNINITIALIZED_AUTOS = YES_AGGRESSIVE;
				GCC_WARN_UNUSED_FUNCTION = YES;
				GCC_WARN_UNUSED_VARIABLE = YES;
				IPHONEOS_DEPLOYMENT_TARGET = 10.0;
				MTL_ENABLE_DEBUG_INFO = NO;
				SDKROOT = iphoneos;
				SWIFT_OPTIMIZATION_LEVEL = "-Owholemodule";
				TARGETED_DEVICE_FAMILY = "1,2";
				VALIDATE_PRODUCT = YES;
			};
			name = Release;
		};
		1768C06F1DA2DD57004B9988 /* Debug */ = {
			isa = XCBuildConfiguration;
			baseConfigurationReference = DB22B2F5ECC2C32A1E75DC53 /* Pods-KonradZdunczyk_elpassion.debug.xcconfig */;
			buildSettings = {
				ASSETCATALOG_COMPILER_APPICON_NAME = AppIcon;
				DEVELOPMENT_TEAM = WM5VQQ9GA7;
				INFOPLIST_FILE = KonradZdunczyk_elpassion/Info.plist;
				IPHONEOS_DEPLOYMENT_TARGET = 9.0;
				LD_RUNPATH_SEARCH_PATHS = "$(inherited) @executable_path/Frameworks";
				PRODUCT_BUNDLE_IDENTIFIER = "KZ.KonradZdunczyk-elpassion";
				PRODUCT_NAME = "$(TARGET_NAME)";
				SWIFT_VERSION = 3.0;
			};
			name = Debug;
		};
		1768C0701DA2DD57004B9988 /* Release */ = {
			isa = XCBuildConfiguration;
			baseConfigurationReference = B80454E53F14FD0D8C6CBF55 /* Pods-KonradZdunczyk_elpassion.release.xcconfig */;
			buildSettings = {
				ASSETCATALOG_COMPILER_APPICON_NAME = AppIcon;
				DEVELOPMENT_TEAM = WM5VQQ9GA7;
				INFOPLIST_FILE = KonradZdunczyk_elpassion/Info.plist;
				IPHONEOS_DEPLOYMENT_TARGET = 9.0;
				LD_RUNPATH_SEARCH_PATHS = "$(inherited) @executable_path/Frameworks";
				PRODUCT_BUNDLE_IDENTIFIER = "KZ.KonradZdunczyk-elpassion";
				PRODUCT_NAME = "$(TARGET_NAME)";
				SWIFT_VERSION = 3.0;
			};
			name = Release;
		};
		1768C0721DA2DD57004B9988 /* Debug */ = {
			isa = XCBuildConfiguration;
			buildSettings = {
				ALWAYS_EMBED_SWIFT_STANDARD_LIBRARIES = YES;
				DEVELOPMENT_TEAM = WM5VQQ9GA7;
				INFOPLIST_FILE = KonradZdunczyk_elpassionUITests/Info.plist;
				LD_RUNPATH_SEARCH_PATHS = "$(inherited) @executable_path/Frameworks @loader_path/Frameworks";
				PRODUCT_BUNDLE_IDENTIFIER = "KZ.KonradZdunczyk-elpassionUITests";
				PRODUCT_NAME = "$(TARGET_NAME)";
				SWIFT_VERSION = 3.0;
				TEST_TARGET_NAME = KonradZdunczyk_elpassion;
			};
			name = Debug;
		};
		1768C0731DA2DD57004B9988 /* Release */ = {
			isa = XCBuildConfiguration;
			buildSettings = {
				ALWAYS_EMBED_SWIFT_STANDARD_LIBRARIES = YES;
				DEVELOPMENT_TEAM = WM5VQQ9GA7;
				INFOPLIST_FILE = KonradZdunczyk_elpassionUITests/Info.plist;
				LD_RUNPATH_SEARCH_PATHS = "$(inherited) @executable_path/Frameworks @loader_path/Frameworks";
				PRODUCT_BUNDLE_IDENTIFIER = "KZ.KonradZdunczyk-elpassionUITests";
				PRODUCT_NAME = "$(TARGET_NAME)";
				SWIFT_VERSION = 3.0;
				TEST_TARGET_NAME = KonradZdunczyk_elpassion;
			};
			name = Release;
		};
/* End XCBuildConfiguration section */

/* Begin XCConfigurationList section */
		1768C04C1DA2DD57004B9988 /* Build configuration list for PBXProject "KonradZdunczyk_elpassion" */ = {
			isa = XCConfigurationList;
			buildConfigurations = (
				1768C06C1DA2DD57004B9988 /* Debug */,
				1768C06D1DA2DD57004B9988 /* Release */,
			);
			defaultConfigurationIsVisible = 0;
			defaultConfigurationName = Release;
		};
		1768C06E1DA2DD57004B9988 /* Build configuration list for PBXNativeTarget "KonradZdunczyk_elpassion" */ = {
			isa = XCConfigurationList;
			buildConfigurations = (
				1768C06F1DA2DD57004B9988 /* Debug */,
				1768C0701DA2DD57004B9988 /* Release */,
			);
			defaultConfigurationIsVisible = 0;
			defaultConfigurationName = Release;
		};
		1768C0711DA2DD57004B9988 /* Build configuration list for PBXNativeTarget "KonradZdunczyk_elpassionUITests" */ = {
			isa = XCConfigurationList;
			buildConfigurations = (
				1768C0721DA2DD57004B9988 /* Debug */,
				1768C0731DA2DD57004B9988 /* Release */,
			);
			defaultConfigurationIsVisible = 0;
			defaultConfigurationName = Release;
		};
/* End XCConfigurationList section */
	};
	rootObject = 1768C0491DA2DD57004B9988 /* Project object */;
}
